{
  "requires": true,
  "lockfileVersion": 1,
  "dependencies": {
    "read-each-line-sync": {
      "version": "1.0.5",
      "resolved": "https://registry.npmjs.org/read-each-line-sync/-/read-each-line-sync-1.0.5.tgz",
      "integrity": "sha1-PePfqPlQ0UteyJ5iFHqhWLkBtFU="
    },
    "yomi-dict": {
      "version": "0.0.7",
      "resolved": "https://registry.npmjs.org/yomi-dict/-/yomi-dict-0.0.7.tgz",
      "integrity": "sha512-OOqx+aGxrr13bvkimRrtPQPK8n/3SFX8kNDDrrP1kfhu3P4ORBqsWqKNn15WTeV58DL7A+2r7TSSnA+DFXTn5Q==",
      "requires": {
        "read-each-line-sync": "^1.0.5"
      }
    }
  }
}
